
Microsoft Visual Studio Solution File, Format Version 12.00
# Visual Studio Version 17
VisualStudioVersion = 17.1.32210.238
MinimumVisualStudioVersion = 10.0.40219.1
Project("{9A19103F-16F7-4668-BE54-9A1E7A4F7556}") = "Template.Api", "Template.Api\Template.Api.csproj", "{E579C48D-C8E1-4D5C-8D5C-0E35C0D1E091}"
EndProject
Project("{9A19103F-16F7-4668-BE54-9A1E7A4F7556}") = "Template.Common", "Template.Common\Template.Common.csproj", "{BF03C2AF-A472-47A7-8ED4-B35AFAB09B7D}"
EndProject
Project("{9A19103F-16F7-4668-BE54-9A1E7A4F7556}") = "Template.Data", "Template.Data\Template.Data.csproj", "{EE059D0F-DDE8-4BF4-8240-CFB1884D259E}"
EndProject
Project("{9A19103F-16F7-4668-BE54-9A1E7A4F7556}") = "Template.DataModels", "Template.DataModels\Template.DataModels.csproj", "{91E7CD8D-7864-4083-8F6B-E97B3E1C8ABE}"
EndProject
Project("{9A19103F-16F7-4668-BE54-9A1E7A4F7556}") = "Template.Localization", "Template.Localization\Template.Localization.csproj", "{CF39A5F5-C87C-4C98-9325-E2C240B70FFE}"
EndProject
Project("{9A19103F-16F7-4668-BE54-9A1E7A4F7556}") = "Template.Logic", "Template.Logic\Template.Logic.csproj", "{B58FE7EC-FA8C-4387-88ED-E7CE183E591C}"
EndProject
Project("{9A19103F-16F7-4668-BE54-9A1E7A4F7556}") = "Template.Logic.Test", "Template.Logic.Test\Template.Logic.Test.csproj", "{BA46C1BA-2CE6-4090-89AC-60A028B3475B}"
EndProject
Project("{9A19103F-16F7-4668-BE54-9A1E7A4F7556}") = "Template.DataMigrations", "Template.DataMigrations\Template.DataMigrations.csproj", "{828AA97F-183A-4AFC-8BEE-1DA3B31C50F7}"
EndProject
Project("{2150E333-8FDC-42A3-9474-1A3956D46DE8}") = "Migrations", "Migrations", "{953EB4E3-9823-4707-87FD-7E157461E867}"
EndProject
Project("{2150E333-8FDC-42A3-9474-1A3956D46DE8}") = "Tests", "Tests", "{D8173EB7-0A4E-40B9-AB45-CFE0B0CED654}"
EndProject
Project("{FAE04EC0-301F-11D3-BF4B-00C04F79EFBC}") = "Template.DataMigrations.Api", "Template.DataMigrations.Api\Template.DataMigrations.Api.csproj", "{B71CEAEC-DB98-4FC5-B919-936EFBAB014F}"
EndProject
Project("{FAE04EC0-301F-11D3-BF4B-00C04F79EFBC}") = "Template.Api.Common", "Template.Api.Common\Template.Api.Common.csproj", "{CE493543-5E7C-4BED-B67B-FD69348B469C}"
EndProject
Global
	GlobalSection(SolutionConfigurationPlatforms) = preSolution
		Debug|Any CPU = Debug|Any CPU
		Release|Any CPU = Release|Any CPU
	EndGlobalSection
	GlobalSection(ProjectConfigurationPlatforms) = postSolution
		{E579C48D-C8E1-4D5C-8D5C-0E35C0D1E091}.Debug|Any CPU.ActiveCfg = Debug|Any CPU
		{E579C48D-C8E1-4D5C-8D5C-0E35C0D1E091}.Debug|Any CPU.Build.0 = Debug|Any CPU
		{E579C48D-C8E1-4D5C-8D5C-0E35C0D1E091}.Release|Any CPU.ActiveCfg = Release|Any CPU
		{E579C48D-C8E1-4D5C-8D5C-0E35C0D1E091}.Release|Any CPU.Build.0 = Release|Any CPU
		{BF03C2AF-A472-47A7-8ED4-B35AFAB09B7D}.Debug|Any CPU.ActiveCfg = Debug|Any CPU
		{BF03C2AF-A472-47A7-8ED4-B35AFAB09B7D}.Debug|Any CPU.Build.0 = Debug|Any CPU
		{BF03C2AF-A472-47A7-8ED4-B35AFAB09B7D}.Release|Any CPU.ActiveCfg = Release|Any CPU
		{BF03C2AF-A472-47A7-8ED4-B35AFAB09B7D}.Release|Any CPU.Build.0 = Release|Any CPU
		{EE059D0F-DDE8-4BF4-8240-CFB1884D259E}.Debug|Any CPU.ActiveCfg = Debug|Any CPU
		{EE059D0F-DDE8-4BF4-8240-CFB1884D259E}.Debug|Any CPU.Build.0 = Debug|Any CPU
		{EE059D0F-DDE8-4BF4-8240-CFB1884D259E}.Release|Any CPU.ActiveCfg = Release|Any CPU
		{EE059D0F-DDE8-4BF4-8240-CFB1884D259E}.Release|Any CPU.Build.0 = Release|Any CPU
		{91E7CD8D-7864-4083-8F6B-E97B3E1C8ABE}.Debug|Any CPU.ActiveCfg = Debug|Any CPU
		{91E7CD8D-7864-4083-8F6B-E97B3E1C8ABE}.Debug|Any CPU.Build.0 = Debug|Any CPU
		{91E7CD8D-7864-4083-8F6B-E97B3E1C8ABE}.Release|Any CPU.ActiveCfg = Release|Any CPU
		{91E7CD8D-7864-4083-8F6B-E97B3E1C8ABE}.Release|Any CPU.Build.0 = Release|Any CPU
		{CF39A5F5-C87C-4C98-9325-E2C240B70FFE}.Debug|Any CPU.ActiveCfg = Debug|Any CPU
		{CF39A5F5-C87C-4C98-9325-E2C240B70FFE}.Debug|Any CPU.Build.0 = Debug|Any CPU
		{CF39A5F5-C87C-4C98-9325-E2C240B70FFE}.Release|Any CPU.ActiveCfg = Release|Any CPU
		{CF39A5F5-C87C-4C98-9325-E2C240B70FFE}.Release|Any CPU.Build.0 = Release|Any CPU
		{B58FE7EC-FA8C-4387-88ED-E7CE183E591C}.Debug|Any CPU.ActiveCfg = Debug|Any CPU
		{B58FE7EC-FA8C-4387-88ED-E7CE183E591C}.Debug|Any CPU.Build.0 = Debug|Any CPU
		{B58FE7EC-FA8C-4387-88ED-E7CE183E591C}.Release|Any CPU.ActiveCfg = Release|Any CPU
		{B58FE7EC-FA8C-4387-88ED-E7CE183E591C}.Release|Any CPU.Build.0 = Release|Any CPU
		{BA46C1BA-2CE6-4090-89AC-60A028B3475B}.Debug|Any CPU.ActiveCfg = Debug|Any CPU
		{BA46C1BA-2CE6-4090-89AC-60A028B3475B}.Debug|Any CPU.Build.0 = Debug|Any CPU
		{BA46C1BA-2CE6-4090-89AC-60A028B3475B}.Release|Any CPU.ActiveCfg = Release|Any CPU
		{BA46C1BA-2CE6-4090-89AC-60A028B3475B}.Release|Any CPU.Build.0 = Release|Any CPU
		{828AA97F-183A-4AFC-8BEE-1DA3B31C50F7}.Debug|Any CPU.ActiveCfg = Debug|Any CPU
		{828AA97F-183A-4AFC-8BEE-1DA3B31C50F7}.Debug|Any CPU.Build.0 = Debug|Any CPU
		{828AA97F-183A-4AFC-8BEE-1DA3B31C50F7}.Release|Any CPU.ActiveCfg = Release|Any CPU
		{828AA97F-183A-4AFC-8BEE-1DA3B31C50F7}.Release|Any CPU.Build.0 = Release|Any CPU
		{B71CEAEC-DB98-4FC5-B919-936EFBAB014F}.Debug|Any CPU.ActiveCfg = Debug|Any CPU
		{B71CEAEC-DB98-4FC5-B919-936EFBAB014F}.Debug|Any CPU.Build.0 = Debug|Any CPU
		{B71CEAEC-DB98-4FC5-B919-936EFBAB014F}.Release|Any CPU.ActiveCfg = Release|Any CPU
		{B71CEAEC-DB98-4FC5-B919-936EFBAB014F}.Release|Any CPU.Build.0 = Release|Any CPU
		{CE493543-5E7C-4BED-B67B-FD69348B469C}.Debug|Any CPU.ActiveCfg = Debug|Any CPU
		{CE493543-5E7C-4BED-B67B-FD69348B469C}.Debug|Any CPU.Build.0 = Debug|Any CPU
		{CE493543-5E7C-4BED-B67B-FD69348B469C}.Release|Any CPU.ActiveCfg = Release|Any CPU
		{CE493543-5E7C-4BED-B67B-FD69348B469C}.Release|Any CPU.Build.0 = Release|Any CPU
	EndGlobalSection
	GlobalSection(SolutionProperties) = preSolution
		HideSolutionNode = FALSE
	EndGlobalSection
	GlobalSection(NestedProjects) = preSolution
		{BA46C1BA-2CE6-4090-89AC-60A028B3475B} = {D8173EB7-0A4E-40B9-AB45-CFE0B0CED654}
		{828AA97F-183A-4AFC-8BEE-1DA3B31C50F7} = {953EB4E3-9823-4707-87FD-7E157461E867}
		{B71CEAEC-DB98-4FC5-B919-936EFBAB014F} = {953EB4E3-9823-4707-87FD-7E157461E867}
	EndGlobalSection
	GlobalSection(ExtensibilityGlobals) = postSolution
		SolutionGuid = {CD47B5C3-BA74-4599-ACB9-7568A52A2C7D}
	EndGlobalSection
EndGlobal
